
Microsoft Visual Studio Solution File, Format Version 12.00
# Visual Studio Version 17
VisualStudioVersion = 17.9.34701.34
MinimumVisualStudioVersion = 10.0.40219.1
Project("{2150E333-8FDC-42A3-9474-1A3956D46DE8}") = "src", "src", "{863533C3-4D66-440D-8D3C-07F592713CAA}"
EndProject
Project("{9A19103F-16F7-4668-BE54-9A1E7A4F7556}") = "Library.Application", "..\src\Library.Application\Library.Application.csproj", "{D6797C7C-AB1E-4E14-BC7B-E0BA3A904BE2}"
	ProjectSection(ProjectDependencies) = postProject
		{658ED605-F6D0-4C75-B734-CFE47F3EAF96} = {658ED605-F6D0-4C75-B734-CFE47F3EAF96}
	EndProjectSection
EndProject
Project("{9A19103F-16F7-4668-BE54-9A1E7A4F7556}") = "Library.DataAccess", "..\src\Library.DataAccess\Library.DataAccess.csproj", "{04DAF14B-2207-431E-A5A9-231A407EFA9D}"
	ProjectSection(ProjectDependencies) = postProject
		{658ED605-F6D0-4C75-B734-CFE47F3EAF96} = {658ED605-F6D0-4C75-B734-CFE47F3EAF96}
		{D6797C7C-AB1E-4E14-BC7B-E0BA3A904BE2} = {D6797C7C-AB1E-4E14-BC7B-E0BA3A904BE2}
	EndProjectSection
EndProject
Project("{9A19103F-16F7-4668-BE54-9A1E7A4F7556}") = "Library.Domain", "..\src\Library.Domain\Library.Domain.csproj", "{658ED605-F6D0-4C75-B734-CFE47F3EAF96}"
EndProject
Project("{9A19103F-16F7-4668-BE54-9A1E7A4F7556}") = "Library.Persistance", "..\src\Library.Persistance\Library.Persistance.csproj", "{9DA18534-8204-4CD4-B4B3-95583E355989}"
	ProjectSection(ProjectDependencies) = postProject
		{04DAF14B-2207-431E-A5A9-231A407EFA9D} = {04DAF14B-2207-431E-A5A9-231A407EFA9D}
	EndProjectSection
EndProject
Project("{9A19103F-16F7-4668-BE54-9A1E7A4F7556}") = "Library.Service", "..\src\Library.Service\Library.Service.csproj", "{A1CAA049-0F35-4DA6-8C95-236BCBC6CA39}"
	ProjectSection(ProjectDependencies) = postProject
		{9DA18534-8204-4CD4-B4B3-95583E355989} = {9DA18534-8204-4CD4-B4B3-95583E355989}
	EndProjectSection
EndProject
Project("{9A19103F-16F7-4668-BE54-9A1E7A4F7556}") = "Library.WebApi", "..\src\Library.WebApi\Library.WebApi.csproj", "{50A76B4F-98FD-4478-BBA5-92BA70EB1B88}"
	ProjectSection(ProjectDependencies) = postProject
		{A1CAA049-0F35-4DA6-8C95-236BCBC6CA39} = {A1CAA049-0F35-4DA6-8C95-236BCBC6CA39}
	EndProjectSection
EndProject
Global
	GlobalSection(SolutionConfigurationPlatforms) = preSolution
		Debug|Any CPU = Debug|Any CPU
		Release|Any CPU = Release|Any CPU
	EndGlobalSection
	GlobalSection(ProjectConfigurationPlatforms) = postSolution
		{D6797C7C-AB1E-4E14-BC7B-E0BA3A904BE2}.Debug|Any CPU.ActiveCfg = Debug|Any CPU
		{D6797C7C-AB1E-4E14-BC7B-E0BA3A904BE2}.Debug|Any CPU.Build.0 = Debug|Any CPU
		{D6797C7C-AB1E-4E14-BC7B-E0BA3A904BE2}.Release|Any CPU.ActiveCfg = Release|Any CPU
		{D6797C7C-AB1E-4E14-BC7B-E0BA3A904BE2}.Release|Any CPU.Build.0 = Release|Any CPU
		{04DAF14B-2207-431E-A5A9-231A407EFA9D}.Debug|Any CPU.ActiveCfg = Debug|Any CPU
		{04DAF14B-2207-431E-A5A9-231A407EFA9D}.Debug|Any CPU.Build.0 = Debug|Any CPU
		{04DAF14B-2207-431E-A5A9-231A407EFA9D}.Release|Any CPU.ActiveCfg = Release|Any CPU
		{04DAF14B-2207-431E-A5A9-231A407EFA9D}.Release|Any CPU.Build.0 = Release|Any CPU
		{658ED605-F6D0-4C75-B734-CFE47F3EAF96}.Debug|Any CPU.ActiveCfg = Debug|Any CPU
		{658ED605-F6D0-4C75-B734-CFE47F3EAF96}.Debug|Any CPU.Build.0 = Debug|Any CPU
		{658ED605-F6D0-4C75-B734-CFE47F3EAF96}.Release|Any CPU.ActiveCfg = Release|Any CPU
		{658ED605-F6D0-4C75-B734-CFE47F3EAF96}.Release|Any CPU.Build.0 = Release|Any CPU
		{9DA18534-8204-4CD4-B4B3-95583E355989}.Debug|Any CPU.ActiveCfg = Debug|Any CPU
		{9DA18534-8204-4CD4-B4B3-95583E355989}.Debug|Any CPU.Build.0 = Debug|Any CPU
		{9DA18534-8204-4CD4-B4B3-95583E355989}.Release|Any CPU.ActiveCfg = Release|Any CPU
		{9DA18534-8204-4CD4-B4B3-95583E355989}.Release|Any CPU.Build.0 = Release|Any CPU
		{A1CAA049-0F35-4DA6-8C95-236BCBC6CA39}.Debug|Any CPU.ActiveCfg = Debug|Any CPU
		{A1CAA049-0F35-4DA6-8C95-236BCBC6CA39}.Debug|Any CPU.Build.0 = Debug|Any CPU
		{A1CAA049-0F35-4DA6-8C95-236BCBC6CA39}.Release|Any CPU.ActiveCfg = Release|Any CPU
		{A1CAA049-0F35-4DA6-8C95-236BCBC6CA39}.Release|Any CPU.Build.0 = Release|Any CPU
		{50A76B4F-98FD-4478-BBA5-92BA70EB1B88}.Debug|Any CPU.ActiveCfg = Debug|Any CPU
		{50A76B4F-98FD-4478-BBA5-92BA70EB1B88}.Debug|Any CPU.Build.0 = Debug|Any CPU
		{50A76B4F-98FD-4478-BBA5-92BA70EB1B88}.Release|Any CPU.ActiveCfg = Release|Any CPU
		{50A76B4F-98FD-4478-BBA5-92BA70EB1B88}.Release|Any CPU.Build.0 = Release|Any CPU
	EndGlobalSection
	GlobalSection(SolutionProperties) = preSolution
		HideSolutionNode = FALSE
	EndGlobalSection
	GlobalSection(NestedProjects) = preSolution
		{D6797C7C-AB1E-4E14-BC7B-E0BA3A904BE2} = {863533C3-4D66-440D-8D3C-07F592713CAA}
		{04DAF14B-2207-431E-A5A9-231A407EFA9D} = {863533C3-4D66-440D-8D3C-07F592713CAA}
		{658ED605-F6D0-4C75-B734-CFE47F3EAF96} = {863533C3-4D66-440D-8D3C-07F592713CAA}
		{9DA18534-8204-4CD4-B4B3-95583E355989} = {863533C3-4D66-440D-8D3C-07F592713CAA}
		{A1CAA049-0F35-4DA6-8C95-236BCBC6CA39} = {863533C3-4D66-440D-8D3C-07F592713CAA}
		{50A76B4F-98FD-4478-BBA5-92BA70EB1B88} = {863533C3-4D66-440D-8D3C-07F592713CAA}
	EndGlobalSection
	GlobalSection(ExtensibilityGlobals) = postSolution
		SolutionGuid = {BFB124E4-1147-43A6-AB0D-013A1E382508}
	EndGlobalSection
EndGlobal
